// !$*UTF8*$!
{
	archiveVersion = 1;
	classes = {
	};
	objectVersion = 46;
	objects = {

/* Begin PBXBuildFile section */
		74ACF7671A4C6A8C00E36396 /* AppDelegate.swift in Sources */ = {isa = PBXBuildFile; fileRef = 74ACF7661A4C6A8C00E36396 /* AppDelegate.swift */; };
		74ACF7691A4C6A8C00E36396 /* ViewController.swift in Sources */ = {isa = PBXBuildFile; fileRef = 74ACF7681A4C6A8C00E36396 /* ViewController.swift */; };
		74ACF76C1A4C6A8C00E36396 /* Main.storyboard in Resources */ = {isa = PBXBuildFile; fileRef = 74ACF76A1A4C6A8C00E36396 /* Main.storyboard */; };
		74ACF76E1A4C6A8C00E36396 /* Images.xcassets in Resources */ = {isa = PBXBuildFile; fileRef = 74ACF76D1A4C6A8C00E36396 /* Images.xcassets */; };
		74ACF7711A4C6A8C00E36396 /* LaunchScreen.xib in Resources */ = {isa = PBXBuildFile; fileRef = 74ACF76F1A4C6A8C00E36396 /* LaunchScreen.xib */; };
		74ACF77D1A4C6A8C00E36396 /* PostcardTests.swift in Sources */ = {isa = PBXBuildFile; fileRef = 74ACF77C1A4C6A8C00E36396 /* PostcardTests.swift */; };
		74ACF7871A4CBEA100E36396 /* 10502213_246504838874038_4605229984663196925_n.jpg in Resources */ = {isa = PBXBuildFile; fileRef = 74ACF7861A4CBEA100E36396 /* 10502213_246504838874038_4605229984663196925_n.jpg */; };
		74ACF7891A4CC7FD00E36396 /* SagradaFamilia.jpeg in Resources */ = {isa = PBXBuildFile; fileRef = 74ACF7881A4CC7FD00E36396 /* SagradaFamilia.jpeg */; };
		74ACF78B1A4CCA6900E36396 /* AlbertEinsteinStamp.jpg in Resources */ = {isa = PBXBuildFile; fileRef = 74ACF78A1A4CCA6900E36396 /* AlbertEinsteinStamp.jpg */; };
/* End PBXBuildFile section */

/* Begin PBXContainerItemProxy section */
		74ACF7771A4C6A8C00E36396 /* PBXContainerItemProxy */ = {
			isa = PBXContainerItemProxy;
			containerPortal = 74ACF7591A4C6A8C00E36396 /* Project object */;
			proxyType = 1;
			remoteGlobalIDString = 74ACF7601A4C6A8C00E36396;
			remoteInfo = Postcard;
		};
/* End PBXContainerItemProxy section */

/* Begin PBXFileReference section */
		74ACF7611A4C6A8C00E36396 /* Postcard.app */ = {isa = PBXFileReference; explicitFileType = wrapper.application; includeInIndex = 0; path = Postcard.app; sourceTree = BUILT_PRODUCTS_DIR; };
		74ACF7651A4C6A8C00E36396 /* Info.plist */ = {isa = PBXFileReference; lastKnownFileType = text.plist.xml; path = Info.plist; sourceTree = "<group>"; };
		74ACF7661A4C6A8C00E36396 /* AppDelegate.swift */ = {isa = PBXFileReference; lastKnownFileType = sourcecode.swift; path = AppDelegate.swift; sourceTree = "<group>"; };
		74ACF7681A4C6A8C00E36396 /* ViewController.swift */ = {isa = PBXFileReference; lastKnownFileType = sourcecode.swift; path = ViewController.swift; sourceTree = "<group>"; };
		74ACF76B1A4C6A8C00E36396 /* Base */ = {isa = PBXFileReference; lastKnownFileType = file.storyboard; name = Base; path = Base.lproj/Main.storyboard; sourceTree = "<group>"; };
		74ACF76D1A4C6A8C00E36396 /* Images.xcassets */ = {isa = PBXFileReference; lastKnownFileType = folder.assetcatalog; path = Images.xcassets; sourceTree = "<group>"; };
		74ACF7701A4C6A8C00E36396 /* Base */ = {isa = PBXFileReference; lastKnownFileType = file.xib; name = Base; path = Base.lproj/LaunchScreen.xib; sourceTree = "<group>"; };
		74ACF7761A4C6A8C00E36396 /* PostcardTests.xctest */ = {isa = PBXFileReference; explicitFileType = wrapper.cfbundle; includeInIndex = 0; path = PostcardTests.xctest; sourceTree = BUILT_PRODUCTS_DIR; };
		74ACF77B1A4C6A8C00E36396 /* Info.plist */ = {isa = PBXFileReference; lastKnownFileType = text.plist.xml; path = Info.plist; sourceTree = "<group>"; };
		74ACF77C1A4C6A8C00E36396 /* PostcardTests.swift */ = {isa = PBXFileReference; lastKnownFileType = sourcecode.swift; path = PostcardTests.swift; sourceTree = "<group>"; };
		74ACF7861A4CBEA100E36396 /* 10502213_246504838874038_4605229984663196925_n.jpg */ = {isa = PBXFileReference; lastKnownFileType = image.jpeg; path = 10502213_246504838874038_4605229984663196925_n.jpg; sourceTree = "<group>"; };
		74ACF7881A4CC7FD00E36396 /* SagradaFamilia.jpeg */ = {isa = PBXFileReference; lastKnownFileType = image.jpeg; path = SagradaFamilia.jpeg; sourceTree = "<group>"; };
		74ACF78A1A4CCA6900E36396 /* AlbertEinsteinStamp.jpg */ = {isa = PBXFileReference; lastKnownFileType = image.jpeg; path = AlbertEinsteinStamp.jpg; sourceTree = "<group>"; };
/* End PBXFileReference section */

/* Begin PBXFrameworksBuildPhase section */
		74ACF75E1A4C6A8C00E36396 /* Frameworks */ = {
			isa = PBXFrameworksBuildPhase;
			buildActionMask = 2147483647;
			files = (
			);
			runOnlyForDeploymentPostprocessing = 0;
		};
		74ACF7731A4C6A8C00E36396 /* Frameworks */ = {
			isa = PBXFrameworksBuildPhase;
			buildActionMask = 2147483647;
			files = (
			);
			runOnlyForDeploymentPostprocessing = 0;
		};
/* End PBXFrameworksBuildPhase section */

/* Begin PBXGroup section */
		74ACF7581A4C6A8C00E36396 = {
			isa = PBXGroup;
			children = (
				74ACF7631A4C6A8C00E36396 /* Postcard */,
				74ACF7791A4C6A8C00E36396 /* PostcardTests */,
				74ACF7621A4C6A8C00E36396 /* Products */,
			);
			sourceTree = "<group>";
		};
		74ACF7621A4C6A8C00E36396 /* Products */ = {
			isa = PBXGroup;
			children = (
				74ACF7611A4C6A8C00E36396 /* Postcard.app */,
				74ACF7761A4C6A8C00E36396 /* PostcardTests.xctest */,
			);
			name = Products;
			sourceTree = "<group>";
		};
		74ACF7631A4C6A8C00E36396 /* Postcard */ = {
			isa = PBXGroup;
			children = (
				74ACF7661A4C6A8C00E36396 /* AppDelegate.swift */,
				74ACF7681A4C6A8C00E36396 /* ViewController.swift */,
				74ACF76A1A4C6A8C00E36396 /* Main.storyboard */,
				74ACF76D1A4C6A8C00E36396 /* Images.xcassets */,
				74ACF76F1A4C6A8C00E36396 /* LaunchScreen.xib */,
				74ACF7641A4C6A8C00E36396 /* Supporting Files */,
			);
			path = Postcard;
			sourceTree = "<group>";
		};
		74ACF7641A4C6A8C00E36396 /* Supporting Files */ = {
			isa = PBXGroup;
			children = (
				74ACF78A1A4CCA6900E36396 /* AlbertEinsteinStamp.jpg */,
				74ACF7881A4CC7FD00E36396 /* SagradaFamilia.jpeg */,
				74ACF7861A4CBEA100E36396 /* 10502213_246504838874038_4605229984663196925_n.jpg */,
				74ACF7651A4C6A8C00E36396 /* Info.plist */,
			);
			name = "Supporting Files";
			sourceTree = "<group>";
		};
		74ACF7791A4C6A8C00E36396 /* PostcardTests */ = {
			isa = PBXGroup;
			children = (
				74ACF77C1A4C6A8C00E36396 /* PostcardTests.swift */,
				74ACF77A1A4C6A8C00E36396 /* Supporting Files */,
			);
			path = PostcardTests;
			sourceTree = "<group>";
		};
		74ACF77A1A4C6A8C00E36396 /* Supporting Files */ = {
			isa = PBXGroup;
			children = (
				74ACF77B1A4C6A8C00E36396 /* Info.plist */,
			);
			name = "Supporting Files";
			sourceTree = "<group>";
		};
/* End PBXGroup section */

/* Begin PBXNativeTarget section */
		74ACF7601A4C6A8C00E36396 /* Postcard */ = {
			isa = PBXNativeTarget;
			buildConfigurationList = 74ACF7801A4C6A8C00E36396 /* Build configuration list for PBXNativeTarget "Postcard" */;
			buildPhases = (
				74ACF75D1A4C6A8C00E36396 /* Sources */,
				74ACF75E1A4C6A8C00E36396 /* Frameworks */,
				74ACF75F1A4C6A8C00E36396 /* Resources */,
			);
			buildRules = (
			);
			dependencies = (
			);
			name = Postcard;
			productName = Postcard;
			productReference = 74ACF7611A4C6A8C00E36396 /* Postcard.app */;
			productType = "com.apple.product-type.application";
		};
		74ACF7751A4C6A8C00E36396 /* PostcardTests */ = {
			isa = PBXNativeTarget;
			buildConfigurationList = 74ACF7831A4C6A8C00E36396 /* Build configuration list for PBXNativeTarget "PostcardTests" */;
			buildPhases = (
				74ACF7721A4C6A8C00E36396 /* Sources */,
				74ACF7731A4C6A8C00E36396 /* Frameworks */,
				74ACF7741A4C6A8C00E36396 /* Resources */,
			);
			buildRules = (
			);
			dependencies = (
				74ACF7781A4C6A8C00E36396 /* PBXTargetDependency */,
			);
			name = PostcardTests;
			productName = PostcardTests;
			productReference = 74ACF7761A4C6A8C00E36396 /* PostcardTests.xctest */;
			productType = "com.apple.product-type.bundle.unit-test";
		};
/* End PBXNativeTarget section */

/* Begin PBXProject section */
		74ACF7591A4C6A8C00E36396 /* Project object */ = {
			isa = PBXProject;
			attributes = {
				LastUpgradeCheck = 0610;
				ORGANIZATIONNAME = Zibra;
				TargetAttributes = {
					74ACF7601A4C6A8C00E36396 = {
						CreatedOnToolsVersion = 6.1.1;
					};
					74ACF7751A4C6A8C00E36396 = {
						CreatedOnToolsVersion = 6.1.1;
						TestTargetID = 74ACF7601A4C6A8C00E36396;
					};
				};
			};
			buildConfigurationList = 74ACF75C1A4C6A8C00E36396 /* Build configuration list for PBXProject "Postcard" */;
			compatibilityVersion = "Xcode 3.2";
			developmentRegion = English;
			hasScannedForEncodings = 0;
			knownRegions = (
				en,
				Base,
			);
			mainGroup = 74ACF7581A4C6A8C00E36396;
			productRefGroup = 74ACF7621A4C6A8C00E36396 /* Products */;
			projectDirPath = "";
			projectRoot = "";
			targets = (
				74ACF7601A4C6A8C00E36396 /* Postcard */,
				74ACF7751A4C6A8C00E36396 /* PostcardTests */,
			);
		};
/* End PBXProject section */

/* Begin PBXResourcesBuildPhase section */
		74ACF75F1A4C6A8C00E36396 /* Resources */ = {
			isa = PBXResourcesBuildPhase;
			buildActionMask = 2147483647;
			files = (
				74ACF7871A4CBEA100E36396 /* 10502213_246504838874038_4605229984663196925_n.jpg in Resources */,
				74ACF76C1A4C6A8C00E36396 /* Main.storyboard in Resources */,
				74ACF7711A4C6A8C00E36396 /* LaunchScreen.xib in Resources */,
				74ACF76E1A4C6A8C00E36396 /* Images.xcassets in Resources */,
				74ACF78B1A4CCA6900E36396 /* AlbertEinsteinStamp.jpg in Resources */,
				74ACF7891A4CC7FD00E36396 /* SagradaFamilia.jpeg in Resources */,
			);
			runOnlyForDeploymentPostprocessing = 0;
		};
		74ACF7741A4C6A8C00E36396 /* Resources */ = {
			isa = PBXResourcesBuildPhase;
			buildActionMask = 2147483647;
			files = (
			);
			runOnlyForDeploymentPostprocessing = 0;
		};
/* End PBXResourcesBuildPhase section */

/* Begin PBXSourcesBuildPhase section */
		74ACF75D1A4C6A8C00E36396 /* Sources */ = {
			isa = PBXSourcesBuildPhase;
			buildActionMask = 2147483647;
			files = (
				74ACF7691A4C6A8C00E36396 /* ViewController.swift in Sources */,
				74ACF7671A4C6A8C00E36396 /* AppDelegate.swift in Sources */,
			);
			runOnlyForDeploymentPostprocessing = 0;
		};
		74ACF7721A4C6A8C00E36396 /* Sources */ = {
			isa = PBXSourcesBuildPhase;
			buildActionMask = 2147483647;
			files = (
				74ACF77D1A4C6A8C00E36396 /* PostcardTests.swift in Sources */,
			);
			runOnlyForDeploymentPostprocessing = 0;
		};
/* End PBXSourcesBuildPhase section */

/* Begin PBXTargetDependency section */
		74ACF7781A4C6A8C00E36396 /* PBXTargetDependency */ = {
			isa = PBXTargetDependency;
			target = 74ACF7601A4C6A8C00E36396 /* Postcard */;
			targetProxy = 74ACF7771A4C6A8C00E36396 /* PBXContainerItemProxy */;
		};
/* End PBXTargetDependency section */

/* Begin PBXVariantGroup section */
		74ACF76A1A4C6A8C00E36396 /* Main.storyboard */ = {
			isa = PBXVariantGroup;
			children = (
				74ACF76B1A4C6A8C00E36396 /* Base */,
			);
			name = Main.storyboard;
			sourceTree = "<group>";
		};
		74ACF76F1A4C6A8C00E36396 /* LaunchScreen.xib */ = {
			isa = PBXVariantGroup;
			children = (
				74ACF7701A4C6A8C00E36396 /* Base */,
			);
			name = LaunchScreen.xib;
			sourceTree = "<group>";
		};
/* End PBXVariantGroup section */

/* Begin XCBuildConfiguration section */
		74ACF77E1A4C6A8C00E36396 /* Debug */ = {
			isa = XCBuildConfiguration;
			buildSettings = {
				ALWAYS_SEARCH_USER_PATHS = NO;
				CLANG_CXX_LANGUAGE_STANDARD = "gnu++0x";
				CLANG_CXX_LIBRARY = "libc++";
				CLANG_ENABLE_MODULES = YES;
				CLANG_ENABLE_OBJC_ARC = YES;
				CLANG_WARN_BOOL_CONVERSION = YES;
				CLANG_WARN_CONSTANT_CONVERSION = YES;
				CLANG_WARN_DIRECT_OBJC_ISA_USAGE = YES_ERROR;
				CLANG_WARN_EMPTY_BODY = YES;
				CLANG_WARN_ENUM_CONVERSION = YES;
				CLANG_WARN_INT_CONVERSION = YES;
				CLANG_WARN_OBJC_ROOT_CLASS = YES_ERROR;
				CLANG_WARN_UNREACHABLE_CODE = YES;
				CLANG_WARN__DUPLICATE_METHOD_MATCH = YES;
				"CODE_SIGN_IDENTITY[sdk=iphoneos*]" = "iPhone Developer";
				COPY_PHASE_STRIP = NO;
				ENABLE_STRICT_OBJC_MSGSEND = YES;
				GCC_C_LANGUAGE_STANDARD = gnu99;
				GCC_DYNAMIC_NO_PIC = NO;
				GCC_OPTIMIZATION_LEVEL = 0;
				GCC_PREPROCESSOR_DEFINITIONS = (
					"DEBUG=1",
					"$(inherited)",
				);
				GCC_SYMBOLS_PRIVATE_EXTERN = NO;
				GCC_WARN_64_TO_32_BIT_CONVERSION = YES;
				GCC_WARN_ABOUT_RETURN_TYPE = YES_ERROR;
				GCC_WARN_UNDECLARED_SELECTOR = YES;
				GCC_WARN_UNINITIALIZED_AUTOS = YES_AGGRESSIVE;
				GCC_WARN_UNUSED_FUNCTION = YES;
				GCC_WARN_UNUSED_VARIABLE = YES;
				IPHONEOS_DEPLOYMENT_TARGET = 8.1;
				MTL_ENABLE_DEBUG_INFO = YES;
				ONLY_ACTIVE_ARCH = YES;
				SDKROOT = iphoneos;
				SWIFT_OPTIMIZATION_LEVEL = "-Onone";
				TARGETED_DEVICE_FAMILY = "1,2";
			};
			name = Debug;
		};
		74ACF77F1A4C6A8C00E36396 /* Release */ = {
			isa = XCBuildConfiguration;
			buildSettings = {
				ALWAYS_SEARCH_USER_PATHS = NO;
				CLANG_CXX_LANGUAGE_STANDARD = "gnu++0x";
				CLANG_CXX_LIBRARY = "libc++";
				CLANG_ENABLE_MODULES = YES;
				CLANG_ENABLE_OBJC_ARC = YES;
				CLANG_WARN_BOOL_CONVERSION = YES;
				CLANG_WARN_CONSTANT_CONVERSION = YES;
				CLANG_WARN_DIRECT_OBJC_ISA_USAGE = YES_ERROR;
				CLANG_WARN_EMPTY_BODY = YES;
				CLANG_WARN_ENUM_CONVERSION = YES;
				CLANG_WARN_INT_CONVERSION = YES;
				CLANG_WARN_OBJC_ROOT_CLASS = YES_ERROR;
				CLANG_WARN_UNREACHABLE_CODE = YES;
				CLANG_WARN__DUPLICATE_METHOD_MATCH = YES;
				"CODE_SIGN_IDENTITY[sdk=iphoneos*]" = "iPhone Developer";
				COPY_PHASE_STRIP = YES;
				ENABLE_NS_ASSERTIONS = NO;
				ENABLE_STRICT_OBJC_MSGSEND = YES;
				GCC_C_LANGUAGE_STANDARD = gnu99;
				GCC_WARN_64_TO_32_BIT_CONVERSION = YES;
				GCC_WARN_ABOUT_RETURN_TYPE = YES_ERROR;
				GCC_WARN_UNDECLARED_SELECTOR = YES;
				GCC_WARN_UNINITIALIZED_AUTOS = YES_AGGRESSIVE;
				GCC_WARN_UNUSED_FUNCTION = YES;
				GCC_WARN_UNUSED_VARIABLE = YES;
				IPHONEOS_DEPLOYMENT_TARGET = 8.1;
				MTL_ENABLE_DEBUG_INFO = NO;
				SDKROOT = iphoneos;
				TARGETED_DEVICE_FAMILY = "1,2";
				VALIDATE_PRODUCT = YES;
			};
			name = Release;
		};
		74ACF7811A4C6A8C00E36396 /* Debug */ = {
			isa = XCBuildConfiguration;
			buildSettings = {
				ASSETCATALOG_COMPILER_APPICON_NAME = AppIcon;
				INFOPLIST_FILE = Postcard/Info.plist;
				LD_RUNPATH_SEARCH_PATHS = "$(inherited) @executable_path/Frameworks";
				PRODUCT_NAME = "$(TARGET_NAME)";
			};
			name = Debug;
		};
		74ACF7821A4C6A8C00E36396 /* Release */ = {
			isa = XCBuildConfiguration;
			buildSettings = {
				ASSETCATALOG_COMPILER_APPICON_NAME = AppIcon;
				INFOPLIST_FILE = Postcard/Info.plist;
				LD_RUNPATH_SEARCH_PATHS = "$(inherited) @executable_path/Frameworks";
				PRODUCT_NAME = "$(TARGET_NAME)";
			};
			name = Release;
		};
		74ACF7841A4C6A8C00E36396 /* Debug */ = {
			isa = XCBuildConfiguration;
			buildSettings = {
				BUNDLE_LOADER = "$(TEST_HOST)";
				FRAMEWORK_SEARCH_PATHS = (
					"$(SDKROOT)/Developer/Library/Frameworks",
					"$(inherited)",
				);
				GCC_PREPROCESSOR_DEFINITIONS = (
					"DEBUG=1",
					"$(inherited)",
				);
				INFOPLIST_FILE = PostcardTests/Info.plist;
				LD_RUNPATH_SEARCH_PATHS = "$(inherited) @executable_path/Frameworks @loader_path/Frameworks";
				PRODUCT_NAME = "$(TARGET_NAME)";
				TEST_HOST = "$(BUILT_PRODUCTS_DIR)/Postcard.app/Postcard";
			};
			name = Debug;
		};
		74ACF7851A4C6A8C00E36396 /* Release */ = {
			isa = XCBuildConfiguration;
			buildSettings = {
				BUNDLE_LOADER = "$(TEST_HOST)";
				FRAMEWORK_SEARCH_PATHS = (
					"$(SDKROOT)/Developer/Library/Frameworks",
					"$(inherited)",
				);
				INFOPLIST_FILE = PostcardTests/Info.plist;
				LD_RUNPATH_SEARCH_PATHS = "$(inherited) @executable_path/Frameworks @loader_path/Frameworks";
				PRODUCT_NAME = "$(TARGET_NAME)";
				TEST_HOST = "$(BUILT_PRODUCTS_DIR)/Postcard.app/Postcard";
			};
			name = Release;
		};
/* End XCBuildConfiguration section */

/* Begin XCConfigurationList section */
		74ACF75C1A4C6A8C00E36396 /* Build configuration list for PBXProject "Postcard" */ = {
			isa = XCConfigurationList;
			buildConfigurations = (
				74ACF77E1A4C6A8C00E36396 /* Debug */,
				74ACF77F1A4C6A8C00E36396 /* Release */,
			);
			defaultConfigurationIsVisible = 0;
			defaultConfigurationName = Release;
		};
		74ACF7801A4C6A8C00E36396 /* Build configuration list for PBXNativeTarget "Postcard" */ = {
			isa = XCConfigurationList;
			buildConfigurations = (
				74ACF7811A4C6A8C00E36396 /* Debug */,
				74ACF7821A4C6A8C00E36396 /* Release */,
			);
			defaultConfigurationIsVisible = 0;
		};
		74ACF7831A4C6A8C00E36396 /* Build configuration list for PBXNativeTarget "PostcardTests" */ = {
			isa = XCConfigurationList;
			buildConfigurations = (
				74ACF7841A4C6A8C00E36396 /* Debug */,
				74ACF7851A4C6A8C00E36396 /* Release */,
			);
			defaultConfigurationIsVisible = 0;
		};
/* End XCConfigurationList section */
	};
	rootObject = 74ACF7591A4C6A8C00E36396 /* Project object */;
}
